
Microsoft Visual Studio Solution File, Format Version 12.00
# Visual Studio 14
VisualStudioVersion = 14.0.25420.1
MinimumVisualStudioVersion = 10.0.40219.1
Project("{FAE04EC0-301F-11D3-BF4B-00C04F79EFBC}") = "AngularJsWebApi", "AngularJsWebApi\AngularJsWebApi.csproj", "{925C802B-924D-499D-9F23-DAB3FF5FD962}"
EndProject
Project("{FAE04EC0-301F-11D3-BF4B-00C04F79EFBC}") = "OnlineShop.BusinessLayer", "OnlineShop.BusinessLayer\OnlineShop.BusinessLayer.csproj", "{233404D0-76E6-4791-BAA8-33D9F4BC408A}"
EndProject
Project("{FAE04EC0-301F-11D3-BF4B-00C04F79EFBC}") = "OnlineShop.DataAccessLayer", "OnlineShop.DataAccessLayer\OnlineShop.DataAccessLayer.csproj", "{1912D2F0-153E-4FFA-B706-0D062C494CE9}"
EndProject
Project("{FAE04EC0-301F-11D3-BF4B-00C04F79EFBC}") = "OnlineShop.IBLL", "OnlineShop.IBLL\OnlineShop.IBLL.csproj", "{84CFD3C5-A69E-4780-8C98-4457D4F97864}"
EndProject
Project("{FAE04EC0-301F-11D3-BF4B-00C04F79EFBC}") = "OnlineShop.Model", "OnlineShop.Model\OnlineShop.Model.csproj", "{99D8134D-6EC9-4968-9348-87CE16C1091B}"
EndProject
Global
	GlobalSection(SolutionConfigurationPlatforms) = preSolution
		Debug|Any CPU = Debug|Any CPU
		Release|Any CPU = Release|Any CPU
	EndGlobalSection
	GlobalSection(ProjectConfigurationPlatforms) = postSolution
		{925C802B-924D-499D-9F23-DAB3FF5FD962}.Debug|Any CPU.ActiveCfg = Debug|Any CPU
		{925C802B-924D-499D-9F23-DAB3FF5FD962}.Debug|Any CPU.Build.0 = Debug|Any CPU
		{925C802B-924D-499D-9F23-DAB3FF5FD962}.Release|Any CPU.ActiveCfg = Release|Any CPU
		{925C802B-924D-499D-9F23-DAB3FF5FD962}.Release|Any CPU.Build.0 = Release|Any CPU
		{233404D0-76E6-4791-BAA8-33D9F4BC408A}.Debug|Any CPU.ActiveCfg = Debug|Any CPU
		{233404D0-76E6-4791-BAA8-33D9F4BC408A}.Debug|Any CPU.Build.0 = Debug|Any CPU
		{233404D0-76E6-4791-BAA8-33D9F4BC408A}.Release|Any CPU.ActiveCfg = Release|Any CPU
		{233404D0-76E6-4791-BAA8-33D9F4BC408A}.Release|Any CPU.Build.0 = Release|Any CPU
		{1912D2F0-153E-4FFA-B706-0D062C494CE9}.Debug|Any CPU.ActiveCfg = Debug|Any CPU
		{1912D2F0-153E-4FFA-B706-0D062C494CE9}.Debug|Any CPU.Build.0 = Debug|Any CPU
		{1912D2F0-153E-4FFA-B706-0D062C494CE9}.Release|Any CPU.ActiveCfg = Release|Any CPU
		{1912D2F0-153E-4FFA-B706-0D062C494CE9}.Release|Any CPU.Build.0 = Release|Any CPU
		{84CFD3C5-A69E-4780-8C98-4457D4F97864}.Debug|Any CPU.ActiveCfg = Debug|Any CPU
		{84CFD3C5-A69E-4780-8C98-4457D4F97864}.Debug|Any CPU.Build.0 = Debug|Any CPU
		{84CFD3C5-A69E-4780-8C98-4457D4F97864}.Release|Any CPU.ActiveCfg = Release|Any CPU
		{84CFD3C5-A69E-4780-8C98-4457D4F97864}.Release|Any CPU.Build.0 = Release|Any CPU
		{99D8134D-6EC9-4968-9348-87CE16C1091B}.Debug|Any CPU.ActiveCfg = Debug|Any CPU
		{99D8134D-6EC9-4968-9348-87CE16C1091B}.Debug|Any CPU.Build.0 = Debug|Any CPU
		{99D8134D-6EC9-4968-9348-87CE16C1091B}.Release|Any CPU.ActiveCfg = Release|Any CPU
		{99D8134D-6EC9-4968-9348-87CE16C1091B}.Release|Any CPU.Build.0 = Release|Any CPU
	EndGlobalSection
	GlobalSection(SolutionProperties) = preSolution
		HideSolutionNode = FALSE
	EndGlobalSection
EndGlobal
